
Microsoft Visual Studio Solution File, Format Version 12.00
# Visual Studio Version 16
VisualStudioVersion = 16.0.30317.65
MinimumVisualStudioVersion = 10.0.40219.1
Project("{FAE04EC0-301F-11D3-BF4B-00C04F79EFBC}") = "ExpCalc", "ExpCalc.csproj", "{D965A70E-141D-4B98-BB5B-7835E6D96F53}"
EndProject
Global
	GlobalSection(SolutionConfigurationPlatforms) = preSolution
		Debug|Any CPU = Debug|Any CPU
		Release|Any CPU = Release|Any CPU
	EndGlobalSection
	GlobalSection(ProjectConfigurationPlatforms) = postSolution
		{D965A70E-141D-4B98-BB5B-7835E6D96F53}.Debug|Any CPU.ActiveCfg = Debug|Any CPU
		{D965A70E-141D-4B98-BB5B-7835E6D96F53}.Debug|Any CPU.Build.0 = Debug|Any CPU
		{D965A70E-141D-4B98-BB5B-7835E6D96F53}.Release|Any CPU.ActiveCfg = Release|Any CPU
		{D965A70E-141D-4B98-BB5B-7835E6D96F53}.Release|Any CPU.Build.0 = Release|Any CPU
	EndGlobalSection
	GlobalSection(SolutionProperties) = preSolution
		HideSolutionNode = FALSE
	EndGlobalSection
	GlobalSection(ExtensibilityGlobals) = postSolution
		SolutionGuid = {C8E3A34F-5867-452C-897F-563F3F53247D}
	EndGlobalSection
EndGlobal
